
Microsoft Visual Studio Solution File, Format Version 12.00
# Visual Studio Version 16
VisualStudioVersion = 16.0.30002.166
MinimumVisualStudioVersion = 10.0.40219.1
Project("{FAE04EC0-301F-11D3-BF4B-00C04F79EFBC}") = "Assignment1", "Assignment1\Assignment1.csproj", "{6A7CC258-253A-4741-A513-4D7BE933F8A2}"
EndProject
Global
	GlobalSection(SolutionConfigurationPlatforms) = preSolution
		Debug|Any CPU = Debug|Any CPU
		Release|Any CPU = Release|Any CPU
	EndGlobalSection
	GlobalSection(ProjectConfigurationPlatforms) = postSolution
		{6A7CC258-253A-4741-A513-4D7BE933F8A2}.Debug|Any CPU.ActiveCfg = Debug|Any CPU
		{6A7CC258-253A-4741-A513-4D7BE933F8A2}.Debug|Any CPU.Build.0 = Debug|Any CPU
		{6A7CC258-253A-4741-A513-4D7BE933F8A2}.Release|Any CPU.ActiveCfg = Release|Any CPU
		{6A7CC258-253A-4741-A513-4D7BE933F8A2}.Release|Any CPU.Build.0 = Release|Any CPU
	EndGlobalSection
	GlobalSection(SolutionProperties) = preSolution
		HideSolutionNode = FALSE
	EndGlobalSection
	GlobalSection(ExtensibilityGlobals) = postSolution
		SolutionGuid = {E3E722F6-F5DF-4A2D-B3CF-E9A9D42861A2}
	EndGlobalSection
EndGlobal
