
Microsoft Visual Studio Solution File, Format Version 12.00
# Visual Studio Version 16
VisualStudioVersion = 16.0.30002.166
MinimumVisualStudioVersion = 10.0.40219.1
Project("{FAE04EC0-301F-11D3-BF4B-00C04F79EFBC}") = "Assignment1", "Assignment1\Assignment1.csproj", "{8975440E-32E3-4974-9167-4F888EF62F5E}"
EndProject
Project("{FAE04EC0-301F-11D3-BF4B-00C04F79EFBC}") = "ConwayGameOfLife-student", "ConwayGameOfLife-student\ConwayGameOfLife-student.csproj", "{B173BA7E-1DC2-4B08-B4C6-168A2C05C6B0}"
EndProject
Project("{FAE04EC0-301F-11D3-BF4B-00C04F79EFBC}") = "Assignment3", "Assignment3\Assignment3.csproj", "{68F8CB73-5CA5-462B-A9EB-58F7EAB0A219}"
EndProject
Global
	GlobalSection(SolutionConfigurationPlatforms) = preSolution
		Debug|Any CPU = Debug|Any CPU
		Release|Any CPU = Release|Any CPU
	EndGlobalSection
	GlobalSection(ProjectConfigurationPlatforms) = postSolution
		{8975440E-32E3-4974-9167-4F888EF62F5E}.Debug|Any CPU.ActiveCfg = Debug|Any CPU
		{8975440E-32E3-4974-9167-4F888EF62F5E}.Debug|Any CPU.Build.0 = Debug|Any CPU
		{8975440E-32E3-4974-9167-4F888EF62F5E}.Release|Any CPU.ActiveCfg = Release|Any CPU
		{8975440E-32E3-4974-9167-4F888EF62F5E}.Release|Any CPU.Build.0 = Release|Any CPU
		{B173BA7E-1DC2-4B08-B4C6-168A2C05C6B0}.Debug|Any CPU.ActiveCfg = Debug|Any CPU
		{B173BA7E-1DC2-4B08-B4C6-168A2C05C6B0}.Debug|Any CPU.Build.0 = Debug|Any CPU
		{B173BA7E-1DC2-4B08-B4C6-168A2C05C6B0}.Release|Any CPU.ActiveCfg = Release|Any CPU
		{B173BA7E-1DC2-4B08-B4C6-168A2C05C6B0}.Release|Any CPU.Build.0 = Release|Any CPU
		{68F8CB73-5CA5-462B-A9EB-58F7EAB0A219}.Debug|Any CPU.ActiveCfg = Debug|Any CPU
		{68F8CB73-5CA5-462B-A9EB-58F7EAB0A219}.Debug|Any CPU.Build.0 = Debug|Any CPU
		{68F8CB73-5CA5-462B-A9EB-58F7EAB0A219}.Release|Any CPU.ActiveCfg = Release|Any CPU
		{68F8CB73-5CA5-462B-A9EB-58F7EAB0A219}.Release|Any CPU.Build.0 = Release|Any CPU
	EndGlobalSection
	GlobalSection(SolutionProperties) = preSolution
		HideSolutionNode = FALSE
	EndGlobalSection
	GlobalSection(ExtensibilityGlobals) = postSolution
		SolutionGuid = {BAB98264-7ECF-48E6-9D2E-87AEC6AD6F6D}
	EndGlobalSection
EndGlobal
